
Microsoft Visual Studio Solution File, Format Version 12.00
# Visual Studio Version 16
VisualStudioVersion = 16.0.33927.289
MinimumVisualStudioVersion = 10.0.40219.1
Project("{FAE04EC0-301F-11D3-BF4B-00C04F79EFBC}") = "AdoNet", "AdoNet\AdoNet.csproj", "{46B88725-C7E9-4A61-9C17-DC5F014FDF33}"
EndProject
Global
	GlobalSection(SolutionConfigurationPlatforms) = preSolution
		Debug|Any CPU = Debug|Any CPU
		Release|Any CPU = Release|Any CPU
	EndGlobalSection
	GlobalSection(ProjectConfigurationPlatforms) = postSolution
		{46B88725-C7E9-4A61-9C17-DC5F014FDF33}.Debug|Any CPU.ActiveCfg = Debug|Any CPU
		{46B88725-C7E9-4A61-9C17-DC5F014FDF33}.Debug|Any CPU.Build.0 = Debug|Any CPU
		{46B88725-C7E9-4A61-9C17-DC5F014FDF33}.Release|Any CPU.ActiveCfg = Release|Any CPU
		{46B88725-C7E9-4A61-9C17-DC5F014FDF33}.Release|Any CPU.Build.0 = Release|Any CPU
	EndGlobalSection
	GlobalSection(SolutionProperties) = preSolution
		HideSolutionNode = FALSE
	EndGlobalSection
	GlobalSection(ExtensibilityGlobals) = postSolution
		SolutionGuid = {5395B1F1-493C-493A-960C-6E8E3AA50B94}
	EndGlobalSection
EndGlobal
